
Microsoft Visual Studio Solution File, Format Version 12.00
# Visual Studio Version 17
VisualStudioVersion = 17.9.34622.214
MinimumVisualStudioVersion = 10.0.40219.1
Project("{9A19103F-16F7-4668-BE54-9A1E7A4F7556}") = "LAB1", "LAB1\LAB1.csproj", "{D3B42834-0263-4866-B6B8-13A3CB46D453}"
EndProject
Project("{9A19103F-16F7-4668-BE54-9A1E7A4F7556}") = "LAB1TESTS", "LAB1TESTS\LAB1TESTS.csproj", "{7BCF00E5-DF73-4C99-AA7A-EB6D611FB601}"
EndProject
Project("{FAE04EC0-301F-11D3-BF4B-00C04F79EFBC}") = "FormsApp", "FormsApp\FormsApp.csproj", "{6FF42833-C8C7-4C8F-A73F-841C6FE02883}"
EndProject
Global
	GlobalSection(SolutionConfigurationPlatforms) = preSolution
		Debug|Any CPU = Debug|Any CPU
		Release|Any CPU = Release|Any CPU
	EndGlobalSection
	GlobalSection(ProjectConfigurationPlatforms) = postSolution
		{D3B42834-0263-4866-B6B8-13A3CB46D453}.Debug|Any CPU.ActiveCfg = Debug|Any CPU
		{D3B42834-0263-4866-B6B8-13A3CB46D453}.Debug|Any CPU.Build.0 = Debug|Any CPU
		{D3B42834-0263-4866-B6B8-13A3CB46D453}.Release|Any CPU.ActiveCfg = Release|Any CPU
		{D3B42834-0263-4866-B6B8-13A3CB46D453}.Release|Any CPU.Build.0 = Release|Any CPU
		{7BCF00E5-DF73-4C99-AA7A-EB6D611FB601}.Debug|Any CPU.ActiveCfg = Debug|Any CPU
		{7BCF00E5-DF73-4C99-AA7A-EB6D611FB601}.Debug|Any CPU.Build.0 = Debug|Any CPU
		{7BCF00E5-DF73-4C99-AA7A-EB6D611FB601}.Release|Any CPU.ActiveCfg = Release|Any CPU
		{7BCF00E5-DF73-4C99-AA7A-EB6D611FB601}.Release|Any CPU.Build.0 = Release|Any CPU
		{6FF42833-C8C7-4C8F-A73F-841C6FE02883}.Debug|Any CPU.ActiveCfg = Debug|Any CPU
		{6FF42833-C8C7-4C8F-A73F-841C6FE02883}.Debug|Any CPU.Build.0 = Debug|Any CPU
		{6FF42833-C8C7-4C8F-A73F-841C6FE02883}.Release|Any CPU.ActiveCfg = Release|Any CPU
		{6FF42833-C8C7-4C8F-A73F-841C6FE02883}.Release|Any CPU.Build.0 = Release|Any CPU
	EndGlobalSection
	GlobalSection(SolutionProperties) = preSolution
		HideSolutionNode = FALSE
	EndGlobalSection
	GlobalSection(ExtensibilityGlobals) = postSolution
		SolutionGuid = {87C71026-4CD8-49A5-AAB8-596D14443018}
	EndGlobalSection
EndGlobal
